
Microsoft Visual Studio Solution File, Format Version 12.00
# Visual Studio Version 16
VisualStudioVersion = 16.0.31321.278
MinimumVisualStudioVersion = 10.0.40219.1
Project("{FAE04EC0-301F-11D3-BF4B-00C04F79EFBC}") = "WpfMaraton", "WpfMaraton\WpfMaraton.csproj", "{C4866E30-811D-4F44-9D28-733B8129BC90}"
EndProject
Global
	GlobalSection(SolutionConfigurationPlatforms) = preSolution
		Debug|Any CPU = Debug|Any CPU
		Release|Any CPU = Release|Any CPU
	EndGlobalSection
	GlobalSection(ProjectConfigurationPlatforms) = postSolution
		{C4866E30-811D-4F44-9D28-733B8129BC90}.Debug|Any CPU.ActiveCfg = Debug|Any CPU
		{C4866E30-811D-4F44-9D28-733B8129BC90}.Debug|Any CPU.Build.0 = Debug|Any CPU
		{C4866E30-811D-4F44-9D28-733B8129BC90}.Release|Any CPU.ActiveCfg = Release|Any CPU
		{C4866E30-811D-4F44-9D28-733B8129BC90}.Release|Any CPU.Build.0 = Release|Any CPU
	EndGlobalSection
	GlobalSection(SolutionProperties) = preSolution
		HideSolutionNode = FALSE
	EndGlobalSection
	GlobalSection(ExtensibilityGlobals) = postSolution
		SolutionGuid = {325FCC4B-7CFE-4765-B0EB-699D380FBAAF}
	EndGlobalSection
EndGlobal
